{
  "requires": true,
  "lockfileVersion": 1,
  "dependencies": {
    "jquery": {
      "version": "3.3.1",
      "resolved": "https://registry.npmjs.org/jquery/-/jquery-3.3.1.tgz",
      "integrity": "sha512-Ubldcmxp5np52/ENotGxlLe6aGMvmF4R8S6tZjsP6Knsaxd/xp3Zrh50cG93lR6nPXyUFwzN3ZSOQI0wRJNdGg=="
    },
    "moment": {
      "version": "2.23.0",
      "resolved": "https://registry.npmjs.org/moment/-/moment-2.23.0.tgz",
      "integrity": "sha512-3IE39bHVqFbWWaPOMHZF98Q9c3LDKGTmypMiTM2QygGXXElkFWIH7GxfmlwmY2vwa+wmNsoYZmG2iusf1ZjJoA=="
    },
    "pg-calendar": {
      "version": "1.4.30",
      "resolved": "https://registry.npmjs.org/pg-calendar/-/pg-calendar-1.4.30.tgz",
      "integrity": "sha512-wGqugR6PyuQD6bbsAKrqVja6ve4MLQZ4stuuMwsvuDQKMqcB40SIpuiNIpw6x3+NZsEaYgvq0wm1L77Rox8X6Q==",
      "requires": {
        "jquery": "^3.3.1",
        "moment": "^2.22.2"
      }
    }
  }
}
